{
  "name": "rts-game",
  "version": "1.0.0",
  "lockfileVersion": 3,
  "requires": true,
  "packages": {
    "": {
      "name": "rts-game",
      "version": "1.0.0",
      "license": "ISC",
      "dependencies": {
        "@roamhq/wrtc": "^0.9.1",
        "bmp-js": "^0.1.0",
        "ws": "^8.18.3"
      }
    },
    "node_modules/@roamhq/wrtc": {
      "version": "0.9.1",
      "resolved": "https://registry.npmjs.org/@roamhq/wrtc/-/wrtc-0.9.1.tgz",
      "integrity": "sha512-WQH9DaN3kGv9+wxeRtxkSykmVQWl44VTX9XsMLmR5jtcsGxin+72U9uGlDjME0gwNNBHDKY3CgUGYI8ZYg8Jdw==",
      "license": "BSD-2-Clause",
      "optionalDependencies": {
        "@roamhq/wrtc-darwin-arm64": "0.9.1",
        "@roamhq/wrtc-darwin-x64": "0.9.1",
        "@roamhq/wrtc-linux-arm64": "0.9.1",
        "@roamhq/wrtc-linux-x64": "0.9.1",
        "@roamhq/wrtc-win32-x64": "0.9.1",
        "domexception": "^4.0.0"
      }
    },
    "node_modules/@roamhq/wrtc-darwin-arm64": {
      "version": "0.9.1",
      "resolved": "https://registry.npmjs.org/@roamhq/wrtc-darwin-arm64/-/wrtc-darwin-arm64-0.9.1.tgz",
      "integrity": "sha512-+g0+nLeZrsAeuzD663y9wbkRns8s/u5nMt/swiUa0G0mQaIRc7zSe77gRGd3E4lMgQ2VyUMV607SCM1OjVdmyg==",
      "cpu": [
        "arm64"
      ],
      "license": "BSD-2-Clause",
      "optional": true,
      "os": [
        "darwin"
      ]
    },
    "node_modules/@roamhq/wrtc-darwin-x64": {
      "version": "0.9.1",
      "resolved": "https://registry.npmjs.org/@roamhq/wrtc-darwin-x64/-/wrtc-darwin-x64-0.9.1.tgz",
      "integrity": "sha512-W24zSe9s6c9Tu1owP8RHg7xqW/JRMl6TRAf8pLWGgXuIeI79jVx1A9MvKTlwLM4AAZmWY0rMHYOzJg6aTb+qkQ==",
      "cpu": [
        "x64"
      ],
      "license": "BSD-2-Clause",
      "optional": true,
      "os": [
        "darwin"
      ]
    },
    "node_modules/@roamhq/wrtc-linux-arm64": {
      "version": "0.9.1",
      "resolved": "https://registry.npmjs.org/@roamhq/wrtc-linux-arm64/-/wrtc-linux-arm64-0.9.1.tgz",
      "integrity": "sha512-PeXkYGNcojjXvpHbI+R/YIUUkTWVrFaS5iQD55iGYbGBcBzU23wzpK0x/TvCQ0Ok4gimK985tgHKimbsVrs2Yw==",
      "cpu": [
        "arm64"
      ],
      "license": "BSD-2-Clause",
      "optional": true,
      "os": [
        "linux"
      ]
    },
    "node_modules/@roamhq/wrtc-linux-x64": {
      "version": "0.9.1",
      "resolved": "https://registry.npmjs.org/@roamhq/wrtc-linux-x64/-/wrtc-linux-x64-0.9.1.tgz",
      "integrity": "sha512-LuhzPdMM3i8vs/ifdj1F1pjpX2OhJSCWdh03UQXjRHoX+Fi1oJXiZRwKoVKu1BbsKCYfJ8m9jZB1ZU4Lhi8yHw==",
      "cpu": [
        "x64"
      ],
      "license": "BSD-2-Clause",
      "optional": true,
      "os": [
        "linux"
      ]
    },
    "node_modules/@roamhq/wrtc-win32-x64": {
      "version": "0.9.1",
      "resolved": "https://registry.npmjs.org/@roamhq/wrtc-win32-x64/-/wrtc-win32-x64-0.9.1.tgz",
      "integrity": "sha512-xyxqCpHxp71MY/3LaFTj3WDvOnu8GaDht1M0LAIGamwkQUg45X/zkzbfeIS7g8f/ZvItAjFa6cUkSUuhK3/rGg==",
      "cpu": [
        "x64"
      ],
      "license": "BSD-2-Clause",
      "optional": true,
      "os": [
        "win32"
      ]
    },
    "node_modules/bmp-js": {
      "version": "0.1.0",
      "resolved": "https://registry.npmjs.org/bmp-js/-/bmp-js-0.1.0.tgz",
      "integrity": "sha512-vHdS19CnY3hwiNdkaqk93DvjVLfbEcI8mys4UjuWrlX1haDmroo8o4xCzh4wD6DGV6HxRCyauwhHRqMTfERtjw==",
      "license": "MIT"
    },
    "node_modules/domexception": {
      "version": "4.0.0",
      "resolved": "https://registry.npmjs.org/domexception/-/domexception-4.0.0.tgz",
      "integrity": "sha512-A2is4PLG+eeSfoTMA95/s4pvAoSo2mKtiM5jlHkAVewmiO8ISFTFKZjH7UAM1Atli/OT/7JHOrJRJiMKUZKYBw==",
      "deprecated": "Use your platform's native DOMException instead",
      "license": "MIT",
      "optional": true,
      "dependencies": {
        "webidl-conversions": "^7.0.0"
      },
      "engines": {
        "node": ">=12"
      }
    },
    "node_modules/webidl-conversions": {
      "version": "7.0.0",
      "resolved": "https://registry.npmjs.org/webidl-conversions/-/webidl-conversions-7.0.0.tgz",
      "integrity": "sha512-VwddBukDzu71offAQR975unBIGqfKZpM+8ZX6ySk8nYhVoo5CYaZyzt3YBvYtRtO+aoGlqxPg/B87NGVZ/fu6g==",
      "license": "BSD-2-Clause",
      "optional": true,
      "engines": {
        "node": ">=12"
      }
    },
    "node_modules/ws": {
      "version": "8.18.3",
      "resolved": "https://registry.npmjs.org/ws/-/ws-8.18.3.tgz",
      "integrity": "sha512-PEIGCY5tSlUt50cqyMXfCzX+oOPqN0vuGqWzbcJ2xvnkzkq46oOpz7dQaTDBdfICb4N14+GARUDw2XV2N4tvzg==",
      "license": "MIT",
      "engines": {
        "node": ">=10.0.0"
      },
      "peerDependencies": {
        "bufferutil": "^4.0.1",
        "utf-8-validate": ">=5.0.2"
      },
      "peerDependenciesMeta": {
        "bufferutil": {
          "optional": true
        },
        "utf-8-validate": {
          "optional": true
        }
      }
    }
  }
}
